// !$*UTF8*$!
{
	archiveVersion = 1;
	classes = {
	};
	objectVersion = 46;
	objects = {

/* Begin PBXBuildFile section */
		8C051D9C1BDB94B500EC31F9 /* HomeViewController.m in Sources */ = {isa = PBXBuildFile; fileRef = 8C051D9B1BDB94B500EC31F9 /* HomeViewController.m */; };
		8C051D9F1BDB94F400EC31F9 /* ShopViewController.m in Sources */ = {isa = PBXBuildFile; fileRef = 8C051D9E1BDB94F400EC31F9 /* ShopViewController.m */; };
		8C051DA21BDB951300EC31F9 /* CommunityViewController.m in Sources */ = {isa = PBXBuildFile; fileRef = 8C051DA11BDB951300EC31F9 /* CommunityViewController.m */; };
		8C051DA51BDB95AE00EC31F9 /* UserViewController.m in Sources */ = {isa = PBXBuildFile; fileRef = 8C051DA41BDB95AE00EC31F9 /* UserViewController.m */; };
		8C051DA91BDB9EAE00EC31F9 /* CustomTabBarItem.m in Sources */ = {isa = PBXBuildFile; fileRef = 8C051DA81BDB9EAE00EC31F9 /* CustomTabBarItem.m */; };
		8C051DAD1BDB9F3900EC31F9 /* CustomTabBarItem.xib in Resources */ = {isa = PBXBuildFile; fileRef = 8C051DAC1BDB9F3900EC31F9 /* CustomTabBarItem.xib */; };
		8C051DB31BDBA17900EC31F9 /* iconfont-bottomcheckcomment01.png in Resources */ = {isa = PBXBuildFile; fileRef = 8C051DAF1BDBA17900EC31F9 /* iconfont-bottomcheckcomment01.png */; };
		8C051DB41BDBA17900EC31F9 /* iconfont-bottompreview01.png in Resources */ = {isa = PBXBuildFile; fileRef = 8C051DB01BDBA17900EC31F9 /* iconfont-bottompreview01.png */; };
		8C051DB51BDBA17900EC31F9 /* iconfont-iconaccount01.png in Resources */ = {isa = PBXBuildFile; fileRef = 8C051DB11BDBA17900EC31F9 /* iconfont-iconaccount01.png */; };
		8C051DB61BDBA17900EC31F9 /* iconfont-icongoods01.png in Resources */ = {isa = PBXBuildFile; fileRef = 8C051DB21BDBA17900EC31F9 /* iconfont-icongoods01.png */; };
		8CB941641BDA23F000573944 /* main.m in Sources */ = {isa = PBXBuildFile; fileRef = 8CB941631BDA23F000573944 /* main.m */; };
		8CB941671BDA23F000573944 /* AppDelegate.m in Sources */ = {isa = PBXBuildFile; fileRef = 8CB941661BDA23F000573944 /* AppDelegate.m */; };
		8CB9416D1BDA23F000573944 /* Main.storyboard in Resources */ = {isa = PBXBuildFile; fileRef = 8CB9416B1BDA23F000573944 /* Main.storyboard */; };
		8CB9416F1BDA23F000573944 /* Assets.xcassets in Resources */ = {isa = PBXBuildFile; fileRef = 8CB9416E1BDA23F000573944 /* Assets.xcassets */; };
		8CB9417D1BDA23F000573944 /* QYMushroomTests.m in Sources */ = {isa = PBXBuildFile; fileRef = 8CB9417C1BDA23F000573944 /* QYMushroomTests.m */; };
		8CB941881BDA23F000573944 /* QYMushroomUITests.m in Sources */ = {isa = PBXBuildFile; fileRef = 8CB941871BDA23F000573944 /* QYMushroomUITests.m */; };
		8CB941AA1BDA316E00573944 /* MainViewController.m in Sources */ = {isa = PBXBuildFile; fileRef = 8CB941A91BDA316E00573944 /* MainViewController.m */; };
		8CB941AD1BDA320D00573944 /* CustomTabBar.m in Sources */ = {isa = PBXBuildFile; fileRef = 8CB941AC1BDA320D00573944 /* CustomTabBar.m */; };
		8CB941AF1BDA321E00573944 /* CustomTabBar.xib in Resources */ = {isa = PBXBuildFile; fileRef = 8CB941AE1BDA321E00573944 /* CustomTabBar.xib */; };
		8CB941B31BDA33C700573944 /* FlexibleFrame.m in Sources */ = {isa = PBXBuildFile; fileRef = 8CB941B21BDA33C700573944 /* FlexibleFrame.m */; };
/* End PBXBuildFile section */

/* Begin PBXContainerItemProxy section */
		8CB941791BDA23F000573944 /* PBXContainerItemProxy */ = {
			isa = PBXContainerItemProxy;
			containerPortal = 8CB941571BDA23F000573944 /* Project object */;
			proxyType = 1;
			remoteGlobalIDString = 8CB9415E1BDA23F000573944;
			remoteInfo = QYMushroom;
		};
		8CB941841BDA23F000573944 /* PBXContainerItemProxy */ = {
			isa = PBXContainerItemProxy;
			containerPortal = 8CB941571BDA23F000573944 /* Project object */;
			proxyType = 1;
			remoteGlobalIDString = 8CB9415E1BDA23F000573944;
			remoteInfo = QYMushroom;
		};
/* End PBXContainerItemProxy section */

/* Begin PBXFileReference section */
		8C051D9A1BDB94B500EC31F9 /* HomeViewController.h */ = {isa = PBXFileReference; fileEncoding = 4; lastKnownFileType = sourcecode.c.h; path = HomeViewController.h; sourceTree = "<group>"; };
		8C051D9B1BDB94B500EC31F9 /* HomeViewController.m */ = {isa = PBXFileReference; fileEncoding = 4; lastKnownFileType = sourcecode.c.objc; path = HomeViewController.m; sourceTree = "<group>"; };
		8C051D9D1BDB94F400EC31F9 /* ShopViewController.h */ = {isa = PBXFileReference; fileEncoding = 4; lastKnownFileType = sourcecode.c.h; path = ShopViewController.h; sourceTree = "<group>"; };
		8C051D9E1BDB94F400EC31F9 /* ShopViewController.m */ = {isa = PBXFileReference; fileEncoding = 4; lastKnownFileType = sourcecode.c.objc; path = ShopViewController.m; sourceTree = "<group>"; };
		8C051DA01BDB951300EC31F9 /* CommunityViewController.h */ = {isa = PBXFileReference; fileEncoding = 4; lastKnownFileType = sourcecode.c.h; path = CommunityViewController.h; sourceTree = "<group>"; };
		8C051DA11BDB951300EC31F9 /* CommunityViewController.m */ = {isa = PBXFileReference; fileEncoding = 4; lastKnownFileType = sourcecode.c.objc; path = CommunityViewController.m; sourceTree = "<group>"; };
		8C051DA31BDB95AE00EC31F9 /* UserViewController.h */ = {isa = PBXFileReference; fileEncoding = 4; lastKnownFileType = sourcecode.c.h; path = UserViewController.h; sourceTree = "<group>"; };
		8C051DA41BDB95AE00EC31F9 /* UserViewController.m */ = {isa = PBXFileReference; fileEncoding = 4; lastKnownFileType = sourcecode.c.objc; path = UserViewController.m; sourceTree = "<group>"; };
		8C051DA71BDB9EAE00EC31F9 /* CustomTabBarItem.h */ = {isa = PBXFileReference; fileEncoding = 4; lastKnownFileType = sourcecode.c.h; path = CustomTabBarItem.h; sourceTree = "<group>"; };
		8C051DA81BDB9EAE00EC31F9 /* CustomTabBarItem.m */ = {isa = PBXFileReference; fileEncoding = 4; lastKnownFileType = sourcecode.c.objc; path = CustomTabBarItem.m; sourceTree = "<group>"; };
		8C051DAC1BDB9F3900EC31F9 /* CustomTabBarItem.xib */ = {isa = PBXFileReference; fileEncoding = 4; lastKnownFileType = file.xib; path = CustomTabBarItem.xib; sourceTree = "<group>"; };
		8C051DAF1BDBA17900EC31F9 /* iconfont-bottomcheckcomment01.png */ = {isa = PBXFileReference; lastKnownFileType = image.png; path = "iconfont-bottomcheckcomment01.png"; sourceTree = "<group>"; };
		8C051DB01BDBA17900EC31F9 /* iconfont-bottompreview01.png */ = {isa = PBXFileReference; lastKnownFileType = image.png; path = "iconfont-bottompreview01.png"; sourceTree = "<group>"; };
		8C051DB11BDBA17900EC31F9 /* iconfont-iconaccount01.png */ = {isa = PBXFileReference; lastKnownFileType = image.png; path = "iconfont-iconaccount01.png"; sourceTree = "<group>"; };
		8C051DB21BDBA17900EC31F9 /* iconfont-icongoods01.png */ = {isa = PBXFileReference; lastKnownFileType = image.png; path = "iconfont-icongoods01.png"; sourceTree = "<group>"; };
		8CB9415F1BDA23F000573944 /* QYMushroom.app */ = {isa = PBXFileReference; explicitFileType = wrapper.application; includeInIndex = 0; path = QYMushroom.app; sourceTree = BUILT_PRODUCTS_DIR; };
		8CB941631BDA23F000573944 /* main.m */ = {isa = PBXFileReference; lastKnownFileType = sourcecode.c.objc; path = main.m; sourceTree = "<group>"; };
		8CB941651BDA23F000573944 /* AppDelegate.h */ = {isa = PBXFileReference; lastKnownFileType = sourcecode.c.h; path = AppDelegate.h; sourceTree = "<group>"; };
		8CB941661BDA23F000573944 /* AppDelegate.m */ = {isa = PBXFileReference; lastKnownFileType = sourcecode.c.objc; path = AppDelegate.m; sourceTree = "<group>"; };
		8CB9416C1BDA23F000573944 /* Base */ = {isa = PBXFileReference; lastKnownFileType = file.storyboard; name = Base; path = Base.lproj/Main.storyboard; sourceTree = "<group>"; };
		8CB9416E1BDA23F000573944 /* Assets.xcassets */ = {isa = PBXFileReference; lastKnownFileType = folder.assetcatalog; path = Assets.xcassets; sourceTree = "<group>"; };
		8CB941731BDA23F000573944 /* Info.plist */ = {isa = PBXFileReference; lastKnownFileType = text.plist.xml; path = Info.plist; sourceTree = "<group>"; };
		8CB941781BDA23F000573944 /* QYMushroomTests.xctest */ = {isa = PBXFileReference; explicitFileType = wrapper.cfbundle; includeInIndex = 0; path = QYMushroomTests.xctest; sourceTree = BUILT_PRODUCTS_DIR; };
		8CB9417C1BDA23F000573944 /* QYMushroomTests.m */ = {isa = PBXFileReference; lastKnownFileType = sourcecode.c.objc; path = QYMushroomTests.m; sourceTree = "<group>"; };
		8CB9417E1BDA23F000573944 /* Info.plist */ = {isa = PBXFileReference; lastKnownFileType = text.plist.xml; path = Info.plist; sourceTree = "<group>"; };
		8CB941831BDA23F000573944 /* QYMushroomUITests.xctest */ = {isa = PBXFileReference; explicitFileType = wrapper.cfbundle; includeInIndex = 0; path = QYMushroomUITests.xctest; sourceTree = BUILT_PRODUCTS_DIR; };
		8CB941871BDA23F000573944 /* QYMushroomUITests.m */ = {isa = PBXFileReference; lastKnownFileType = sourcecode.c.objc; path = QYMushroomUITests.m; sourceTree = "<group>"; };
		8CB941891BDA23F000573944 /* Info.plist */ = {isa = PBXFileReference; lastKnownFileType = text.plist.xml; path = Info.plist; sourceTree = "<group>"; };
		8CB941A81BDA316E00573944 /* MainViewController.h */ = {isa = PBXFileReference; fileEncoding = 4; lastKnownFileType = sourcecode.c.h; path = MainViewController.h; sourceTree = "<group>"; };
		8CB941A91BDA316E00573944 /* MainViewController.m */ = {isa = PBXFileReference; fileEncoding = 4; lastKnownFileType = sourcecode.c.objc; path = MainViewController.m; sourceTree = "<group>"; };
		8CB941AB1BDA320D00573944 /* CustomTabBar.h */ = {isa = PBXFileReference; fileEncoding = 4; lastKnownFileType = sourcecode.c.h; path = CustomTabBar.h; sourceTree = "<group>"; };
		8CB941AC1BDA320D00573944 /* CustomTabBar.m */ = {isa = PBXFileReference; fileEncoding = 4; lastKnownFileType = sourcecode.c.objc; path = CustomTabBar.m; sourceTree = "<group>"; };
		8CB941AE1BDA321E00573944 /* CustomTabBar.xib */ = {isa = PBXFileReference; fileEncoding = 4; lastKnownFileType = file.xib; path = CustomTabBar.xib; sourceTree = "<group>"; };
		8CB941B11BDA33C700573944 /* FlexibleFrame.h */ = {isa = PBXFileReference; fileEncoding = 4; lastKnownFileType = sourcecode.c.h; path = FlexibleFrame.h; sourceTree = "<group>"; };
		8CB941B21BDA33C700573944 /* FlexibleFrame.m */ = {isa = PBXFileReference; fileEncoding = 4; lastKnownFileType = sourcecode.c.objc; path = FlexibleFrame.m; sourceTree = "<group>"; };
		8CB941B41BDA33D700573944 /* PrefixHeader.pch */ = {isa = PBXFileReference; lastKnownFileType = sourcecode.c.h; path = PrefixHeader.pch; sourceTree = "<group>"; };
/* End PBXFileReference section */

/* Begin PBXFrameworksBuildPhase section */
		8CB9415C1BDA23F000573944 /* Frameworks */ = {
			isa = PBXFrameworksBuildPhase;
			buildActionMask = 2147483647;
			files = (
			);
			runOnlyForDeploymentPostprocessing = 0;
		};
		8CB941751BDA23F000573944 /* Frameworks */ = {
			isa = PBXFrameworksBuildPhase;
			buildActionMask = 2147483647;
			files = (
			);
			runOnlyForDeploymentPostprocessing = 0;
		};
		8CB941801BDA23F000573944 /* Frameworks */ = {
			isa = PBXFrameworksBuildPhase;
			buildActionMask = 2147483647;
			files = (
			);
			runOnlyForDeploymentPostprocessing = 0;
		};
/* End PBXFrameworksBuildPhase section */

/* Begin PBXGroup section */
		8C051D961BDB93F600EC31F9 /* 逛逛逛 */ = {
			isa = PBXGroup;
			children = (
				8C051D9A1BDB94B500EC31F9 /* HomeViewController.h */,
				8C051D9B1BDB94B500EC31F9 /* HomeViewController.m */,
			);
			path = "逛逛逛";
			sourceTree = "<group>";
		};
		8C051D971BDB93F600EC31F9 /* 聊聊聊 */ = {
			isa = PBXGroup;
			children = (
				8C051DA01BDB951300EC31F9 /* CommunityViewController.h */,
				8C051DA11BDB951300EC31F9 /* CommunityViewController.m */,
			);
			path = "聊聊聊";
			sourceTree = "<group>";
		};
		8C051D981BDB93F600EC31F9 /* 买买买 */ = {
			isa = PBXGroup;
			children = (
				8C051D9D1BDB94F400EC31F9 /* ShopViewController.h */,
				8C051D9E1BDB94F400EC31F9 /* ShopViewController.m */,
			);
			path = "买买买";
			sourceTree = "<group>";
		};
		8C051D991BDB93F600EC31F9 /* 我我我 */ = {
			isa = PBXGroup;
			children = (
				8C051DA31BDB95AE00EC31F9 /* UserViewController.h */,
				8C051DA41BDB95AE00EC31F9 /* UserViewController.m */,
			);
			path = "我我我";
			sourceTree = "<group>";
		};
		8C051DA61BDB993000EC31F9 /* CustomUI */ = {
			isa = PBXGroup;
			children = (
				8C051DA71BDB9EAE00EC31F9 /* CustomTabBarItem.h */,
				8C051DA81BDB9EAE00EC31F9 /* CustomTabBarItem.m */,
				8C051DAC1BDB9F3900EC31F9 /* CustomTabBarItem.xib */,
			);
			path = CustomUI;
			sourceTree = "<group>";
		};
		8C051DAE1BDBA14C00EC31F9 /* Images */ = {
			isa = PBXGroup;
			children = (
				8C051DAF1BDBA17900EC31F9 /* iconfont-bottomcheckcomment01.png */,
				8C051DB01BDBA17900EC31F9 /* iconfont-bottompreview01.png */,
				8C051DB11BDBA17900EC31F9 /* iconfont-iconaccount01.png */,
				8C051DB21BDBA17900EC31F9 /* iconfont-icongoods01.png */,
			);
			path = Images;
			sourceTree = "<group>";
		};
		8CB941561BDA23F000573944 = {
			isa = PBXGroup;
			children = (
				8CB941611BDA23F000573944 /* QYMushroom */,
				8CB9417B1BDA23F000573944 /* QYMushroomTests */,
				8CB941861BDA23F000573944 /* QYMushroomUITests */,
				8CB941601BDA23F000573944 /* Products */,
			);
			sourceTree = "<group>";
		};
		8CB941601BDA23F000573944 /* Products */ = {
			isa = PBXGroup;
			children = (
				8CB9415F1BDA23F000573944 /* QYMushroom.app */,
				8CB941781BDA23F000573944 /* QYMushroomTests.xctest */,
				8CB941831BDA23F000573944 /* QYMushroomUITests.xctest */,
			);
			name = Products;
			sourceTree = "<group>";
		};
		8CB941611BDA23F000573944 /* QYMushroom */ = {
			isa = PBXGroup;
			children = (
				8CB941651BDA23F000573944 /* AppDelegate.h */,
				8CB941661BDA23F000573944 /* AppDelegate.m */,
				8C051DAE1BDBA14C00EC31F9 /* Images */,
				8CB941B01BDA33C700573944 /* FlexibleFrame */,
				8C051DA61BDB993000EC31F9 /* CustomUI */,
				8CB941951BDA29AF00573944 /* BaseClass */,
				8C051D961BDB93F600EC31F9 /* 逛逛逛 */,
				8C051D981BDB93F600EC31F9 /* 买买买 */,
				8C051D971BDB93F600EC31F9 /* 聊聊聊 */,
				8C051D991BDB93F600EC31F9 /* 我我我 */,
				8CB9416B1BDA23F000573944 /* Main.storyboard */,
				8CB9416E1BDA23F000573944 /* Assets.xcassets */,
				8CB941731BDA23F000573944 /* Info.plist */,
				8CB941621BDA23F000573944 /* Supporting Files */,
			);
			path = QYMushroom;
			sourceTree = "<group>";
		};
		8CB941621BDA23F000573944 /* Supporting Files */ = {
			isa = PBXGroup;
			children = (
				8CB941631BDA23F000573944 /* main.m */,
				8CB941B41BDA33D700573944 /* PrefixHeader.pch */,
			);
			name = "Supporting Files";
			sourceTree = "<group>";
		};
		8CB9417B1BDA23F000573944 /* QYMushroomTests */ = {
			isa = PBXGroup;
			children = (
				8CB9417C1BDA23F000573944 /* QYMushroomTests.m */,
				8CB9417E1BDA23F000573944 /* Info.plist */,
			);
			path = QYMushroomTests;
			sourceTree = "<group>";
		};
		8CB941861BDA23F000573944 /* QYMushroomUITests */ = {
			isa = PBXGroup;
			children = (
				8CB941871BDA23F000573944 /* QYMushroomUITests.m */,
				8CB941891BDA23F000573944 /* Info.plist */,
			);
			path = QYMushroomUITests;
			sourceTree = "<group>";
		};
		8CB941951BDA29AF00573944 /* BaseClass */ = {
			isa = PBXGroup;
			children = (
				8CB941A81BDA316E00573944 /* MainViewController.h */,
				8CB941A91BDA316E00573944 /* MainViewController.m */,
				8CB941AB1BDA320D00573944 /* CustomTabBar.h */,
				8CB941AC1BDA320D00573944 /* CustomTabBar.m */,
				8CB941AE1BDA321E00573944 /* CustomTabBar.xib */,
			);
			path = BaseClass;
			sourceTree = "<group>";
		};
		8CB941B01BDA33C700573944 /* FlexibleFrame */ = {
			isa = PBXGroup;
			children = (
				8CB941B11BDA33C700573944 /* FlexibleFrame.h */,
				8CB941B21BDA33C700573944 /* FlexibleFrame.m */,
			);
			path = FlexibleFrame;
			sourceTree = "<group>";
		};
/* End PBXGroup section */

/* Begin PBXNativeTarget section */
		8CB9415E1BDA23F000573944 /* QYMushroom */ = {
			isa = PBXNativeTarget;
			buildConfigurationList = 8CB9418C1BDA23F000573944 /* Build configuration list for PBXNativeTarget "QYMushroom" */;
			buildPhases = (
				8CB9415B1BDA23F000573944 /* Sources */,
				8CB9415C1BDA23F000573944 /* Frameworks */,
				8CB9415D1BDA23F000573944 /* Resources */,
			);
			buildRules = (
			);
			dependencies = (
			);
			name = QYMushroom;
			productName = QYMushroom;
			productReference = 8CB9415F1BDA23F000573944 /* QYMushroom.app */;
			productType = "com.apple.product-type.application";
		};
		8CB941771BDA23F000573944 /* QYMushroomTests */ = {
			isa = PBXNativeTarget;
			buildConfigurationList = 8CB9418F1BDA23F000573944 /* Build configuration list for PBXNativeTarget "QYMushroomTests" */;
			buildPhases = (
				8CB941741BDA23F000573944 /* Sources */,
				8CB941751BDA23F000573944 /* Frameworks */,
				8CB941761BDA23F000573944 /* Resources */,
			);
			buildRules = (
			);
			dependencies = (
				8CB9417A1BDA23F000573944 /* PBXTargetDependency */,
			);
			name = QYMushroomTests;
			productName = QYMushroomTests;
			productReference = 8CB941781BDA23F000573944 /* QYMushroomTests.xctest */;
			productType = "com.apple.product-type.bundle.unit-test";
		};
		8CB941821BDA23F000573944 /* QYMushroomUITests */ = {
			isa = PBXNativeTarget;
			buildConfigurationList = 8CB941921BDA23F000573944 /* Build configuration list for PBXNativeTarget "QYMushroomUITests" */;
			buildPhases = (
				8CB9417F1BDA23F000573944 /* Sources */,
				8CB941801BDA23F000573944 /* Frameworks */,
				8CB941811BDA23F000573944 /* Resources */,
			);
			buildRules = (
			);
			dependencies = (
				8CB941851BDA23F000573944 /* PBXTargetDependency */,
			);
			name = QYMushroomUITests;
			productName = QYMushroomUITests;
			productReference = 8CB941831BDA23F000573944 /* QYMushroomUITests.xctest */;
			productType = "com.apple.product-type.bundle.ui-testing";
		};
/* End PBXNativeTarget section */

/* Begin PBXProject section */
		8CB941571BDA23F000573944 /* Project object */ = {
			isa = PBXProject;
			attributes = {
				LastUpgradeCheck = 0700;
				ORGANIZATIONNAME = RecordTeam;
				TargetAttributes = {
					8CB9415E1BDA23F000573944 = {
						CreatedOnToolsVersion = 7.0.1;
						DevelopmentTeam = 9L972DH5GE;
					};
					8CB941771BDA23F000573944 = {
						CreatedOnToolsVersion = 7.0.1;
						DevelopmentTeam = 9L972DH5GE;
						TestTargetID = 8CB9415E1BDA23F000573944;
					};
					8CB941821BDA23F000573944 = {
						CreatedOnToolsVersion = 7.0.1;
						DevelopmentTeam = 9L972DH5GE;
						TestTargetID = 8CB9415E1BDA23F000573944;
					};
				};
			};
			buildConfigurationList = 8CB9415A1BDA23F000573944 /* Build configuration list for PBXProject "QYMushroom" */;
			compatibilityVersion = "Xcode 3.2";
			developmentRegion = English;
			hasScannedForEncodings = 0;
			knownRegions = (
				en,
				Base,
			);
			mainGroup = 8CB941561BDA23F000573944;
			productRefGroup = 8CB941601BDA23F000573944 /* Products */;
			projectDirPath = "";
			projectRoot = "";
			targets = (
				8CB9415E1BDA23F000573944 /* QYMushroom */,
				8CB941771BDA23F000573944 /* QYMushroomTests */,
				8CB941821BDA23F000573944 /* QYMushroomUITests */,
			);
		};
/* End PBXProject section */

/* Begin PBXResourcesBuildPhase section */
		8CB9415D1BDA23F000573944 /* Resources */ = {
			isa = PBXResourcesBuildPhase;
			buildActionMask = 2147483647;
			files = (
				8CB941AF1BDA321E00573944 /* CustomTabBar.xib in Resources */,
				8CB9416F1BDA23F000573944 /* Assets.xcassets in Resources */,
				8CB9416D1BDA23F000573944 /* Main.storyboard in Resources */,
				8C051DAD1BDB9F3900EC31F9 /* CustomTabBarItem.xib in Resources */,
				8C051DB41BDBA17900EC31F9 /* iconfont-bottompreview01.png in Resources */,
				8C051DB51BDBA17900EC31F9 /* iconfont-iconaccount01.png in Resources */,
				8C051DB61BDBA17900EC31F9 /* iconfont-icongoods01.png in Resources */,
				8C051DB31BDBA17900EC31F9 /* iconfont-bottomcheckcomment01.png in Resources */,
			);
			runOnlyForDeploymentPostprocessing = 0;
		};
		8CB941761BDA23F000573944 /* Resources */ = {
			isa = PBXResourcesBuildPhase;
			buildActionMask = 2147483647;
			files = (
			);
			runOnlyForDeploymentPostprocessing = 0;
		};
		8CB941811BDA23F000573944 /* Resources */ = {
			isa = PBXResourcesBuildPhase;
			buildActionMask = 2147483647;
			files = (
			);
			runOnlyForDeploymentPostprocessing = 0;
		};
/* End PBXResourcesBuildPhase section */

/* Begin PBXSourcesBuildPhase section */
		8CB9415B1BDA23F000573944 /* Sources */ = {
			isa = PBXSourcesBuildPhase;
			buildActionMask = 2147483647;
			files = (
				8C051DA51BDB95AE00EC31F9 /* UserViewController.m in Sources */,
				8C051DA91BDB9EAE00EC31F9 /* CustomTabBarItem.m in Sources */,
				8C051DA21BDB951300EC31F9 /* CommunityViewController.m in Sources */,
				8CB941AD1BDA320D00573944 /* CustomTabBar.m in Sources */,
				8CB941B31BDA33C700573944 /* FlexibleFrame.m in Sources */,
				8CB941671BDA23F000573944 /* AppDelegate.m in Sources */,
				8CB941AA1BDA316E00573944 /* MainViewController.m in Sources */,
				8CB941641BDA23F000573944 /* main.m in Sources */,
				8C051D9C1BDB94B500EC31F9 /* HomeViewController.m in Sources */,
				8C051D9F1BDB94F400EC31F9 /* ShopViewController.m in Sources */,
			);
			runOnlyForDeploymentPostprocessing = 0;
		};
		8CB941741BDA23F000573944 /* Sources */ = {
			isa = PBXSourcesBuildPhase;
			buildActionMask = 2147483647;
			files = (
				8CB9417D1BDA23F000573944 /* QYMushroomTests.m in Sources */,
			);
			runOnlyForDeploymentPostprocessing = 0;
		};
		8CB9417F1BDA23F000573944 /* Sources */ = {
			isa = PBXSourcesBuildPhase;
			buildActionMask = 2147483647;
			files = (
				8CB941881BDA23F000573944 /* QYMushroomUITests.m in Sources */,
			);
			runOnlyForDeploymentPostprocessing = 0;
		};
/* End PBXSourcesBuildPhase section */

/* Begin PBXTargetDependency section */
		8CB9417A1BDA23F000573944 /* PBXTargetDependency */ = {
			isa = PBXTargetDependency;
			target = 8CB9415E1BDA23F000573944 /* QYMushroom */;
			targetProxy = 8CB941791BDA23F000573944 /* PBXContainerItemProxy */;
		};
		8CB941851BDA23F000573944 /* PBXTargetDependency */ = {
			isa = PBXTargetDependency;
			target = 8CB9415E1BDA23F000573944 /* QYMushroom */;
			targetProxy = 8CB941841BDA23F000573944 /* PBXContainerItemProxy */;
		};
/* End PBXTargetDependency section */

/* Begin PBXVariantGroup section */
		8CB9416B1BDA23F000573944 /* Main.storyboard */ = {
			isa = PBXVariantGroup;
			children = (
				8CB9416C1BDA23F000573944 /* Base */,
			);
			name = Main.storyboard;
			sourceTree = "<group>";
		};
/* End PBXVariantGroup section */

/* Begin XCBuildConfiguration section */
		8CB9418A1BDA23F000573944 /* Debug */ = {
			isa = XCBuildConfiguration;
			buildSettings = {
				ALWAYS_SEARCH_USER_PATHS = NO;
				CLANG_CXX_LANGUAGE_STANDARD = "gnu++0x";
				CLANG_CXX_LIBRARY = "libc++";
				CLANG_ENABLE_MODULES = YES;
				CLANG_ENABLE_OBJC_ARC = YES;
				CLANG_WARN_BOOL_CONVERSION = YES;
				CLANG_WARN_CONSTANT_CONVERSION = YES;
				CLANG_WARN_DIRECT_OBJC_ISA_USAGE = YES_ERROR;
				CLANG_WARN_EMPTY_BODY = YES;
				CLANG_WARN_ENUM_CONVERSION = YES;
				CLANG_WARN_INT_CONVERSION = YES;
				CLANG_WARN_OBJC_ROOT_CLASS = YES_ERROR;
				CLANG_WARN_UNREACHABLE_CODE = YES;
				CLANG_WARN__DUPLICATE_METHOD_MATCH = YES;
				"CODE_SIGN_IDENTITY[sdk=iphoneos*]" = "iPhone Developer";
				COPY_PHASE_STRIP = NO;
				DEBUG_INFORMATION_FORMAT = dwarf;
				ENABLE_STRICT_OBJC_MSGSEND = YES;
				ENABLE_TESTABILITY = YES;
				GCC_C_LANGUAGE_STANDARD = gnu99;
				GCC_DYNAMIC_NO_PIC = NO;
				GCC_NO_COMMON_BLOCKS = YES;
				GCC_OPTIMIZATION_LEVEL = 0;
				GCC_PREPROCESSOR_DEFINITIONS = (
					"DEBUG=1",
					"$(inherited)",
				);
				GCC_WARN_64_TO_32_BIT_CONVERSION = YES;
				GCC_WARN_ABOUT_RETURN_TYPE = YES_ERROR;
				GCC_WARN_UNDECLARED_SELECTOR = YES;
				GCC_WARN_UNINITIALIZED_AUTOS = YES_AGGRESSIVE;
				GCC_WARN_UNUSED_FUNCTION = YES;
				GCC_WARN_UNUSED_VARIABLE = YES;
				IPHONEOS_DEPLOYMENT_TARGET = 9.0;
				MTL_ENABLE_DEBUG_INFO = YES;
				ONLY_ACTIVE_ARCH = YES;
				SDKROOT = iphoneos;
			};
			name = Debug;
		};
		8CB9418B1BDA23F000573944 /* Release */ = {
			isa = XCBuildConfiguration;
			buildSettings = {
				ALWAYS_SEARCH_USER_PATHS = NO;
				CLANG_CXX_LANGUAGE_STANDARD = "gnu++0x";
				CLANG_CXX_LIBRARY = "libc++";
				CLANG_ENABLE_MODULES = YES;
				CLANG_ENABLE_OBJC_ARC = YES;
				CLANG_WARN_BOOL_CONVERSION = YES;
				CLANG_WARN_CONSTANT_CONVERSION = YES;
				CLANG_WARN_DIRECT_OBJC_ISA_USAGE = YES_ERROR;
				CLANG_WARN_EMPTY_BODY = YES;
				CLANG_WARN_ENUM_CONVERSION = YES;
				CLANG_WARN_INT_CONVERSION = YES;
				CLANG_WARN_OBJC_ROOT_CLASS = YES_ERROR;
				CLANG_WARN_UNREACHABLE_CODE = YES;
				CLANG_WARN__DUPLICATE_METHOD_MATCH = YES;
				"CODE_SIGN_IDENTITY[sdk=iphoneos*]" = "iPhone Developer";
				COPY_PHASE_STRIP = NO;
				DEBUG_INFORMATION_FORMAT = "dwarf-with-dsym";
				ENABLE_NS_ASSERTIONS = NO;
				ENABLE_STRICT_OBJC_MSGSEND = YES;
				GCC_C_LANGUAGE_STANDARD = gnu99;
				GCC_NO_COMMON_BLOCKS = YES;
				GCC_WARN_64_TO_32_BIT_CONVERSION = YES;
				GCC_WARN_ABOUT_RETURN_TYPE = YES_ERROR;
				GCC_WARN_UNDECLARED_SELECTOR = YES;
				GCC_WARN_UNINITIALIZED_AUTOS = YES_AGGRESSIVE;
				GCC_WARN_UNUSED_FUNCTION = YES;
				GCC_WARN_UNUSED_VARIABLE = YES;
				IPHONEOS_DEPLOYMENT_TARGET = 9.0;
				MTL_ENABLE_DEBUG_INFO = NO;
				SDKROOT = iphoneos;
				VALIDATE_PRODUCT = YES;
			};
			name = Release;
		};
		8CB9418D1BDA23F000573944 /* Debug */ = {
			isa = XCBuildConfiguration;
			buildSettings = {
				ASSETCATALOG_COMPILER_APPICON_NAME = AppIcon;
				ASSETCATALOG_COMPILER_LAUNCHIMAGE_NAME = LaunchImage;
				GCC_PREFIX_HEADER = "$(SRCROOT)/QYMushroom/PrefixHeader.pch";
				INFOPLIST_FILE = QYMushroom/Info.plist;
				IPHONEOS_DEPLOYMENT_TARGET = 7.0;
				LD_RUNPATH_SEARCH_PATHS = "$(inherited) @executable_path/Frameworks";
				PRODUCT_BUNDLE_IDENTIFIER = cn.com.recordTeam.QYMushroom;
				PRODUCT_NAME = "$(TARGET_NAME)";
			};
			name = Debug;
		};
		8CB9418E1BDA23F000573944 /* Release */ = {
			isa = XCBuildConfiguration;
			buildSettings = {
				ASSETCATALOG_COMPILER_APPICON_NAME = AppIcon;
				ASSETCATALOG_COMPILER_LAUNCHIMAGE_NAME = LaunchImage;
				GCC_PREFIX_HEADER = "$(SRCROOT)/QYMushroom/PrefixHeader.pch";
				INFOPLIST_FILE = QYMushroom/Info.plist;
				IPHONEOS_DEPLOYMENT_TARGET = 7.0;
				LD_RUNPATH_SEARCH_PATHS = "$(inherited) @executable_path/Frameworks";
				PRODUCT_BUNDLE_IDENTIFIER = cn.com.recordTeam.QYMushroom;
				PRODUCT_NAME = "$(TARGET_NAME)";
			};
			name = Release;
		};
		8CB941901BDA23F000573944 /* Debug */ = {
			isa = XCBuildConfiguration;
			buildSettings = {
				BUNDLE_LOADER = "$(TEST_HOST)";
				INFOPLIST_FILE = QYMushroomTests/Info.plist;
				LD_RUNPATH_SEARCH_PATHS = "$(inherited) @executable_path/Frameworks @loader_path/Frameworks";
				PRODUCT_BUNDLE_IDENTIFIER = cn.com.recordTeam.QYMushroomTests;
				PRODUCT_NAME = "$(TARGET_NAME)";
				TEST_HOST = "$(BUILT_PRODUCTS_DIR)/QYMushroom.app/QYMushroom";
			};
			name = Debug;
		};
		8CB941911BDA23F000573944 /* Release */ = {
			isa = XCBuildConfiguration;
			buildSettings = {
				BUNDLE_LOADER = "$(TEST_HOST)";
				INFOPLIST_FILE = QYMushroomTests/Info.plist;
				LD_RUNPATH_SEARCH_PATHS = "$(inherited) @executable_path/Frameworks @loader_path/Frameworks";
				PRODUCT_BUNDLE_IDENTIFIER = cn.com.recordTeam.QYMushroomTests;
				PRODUCT_NAME = "$(TARGET_NAME)";
				TEST_HOST = "$(BUILT_PRODUCTS_DIR)/QYMushroom.app/QYMushroom";
			};
			name = Release;
		};
		8CB941931BDA23F000573944 /* Debug */ = {
			isa = XCBuildConfiguration;
			buildSettings = {
				INFOPLIST_FILE = QYMushroomUITests/Info.plist;
				LD_RUNPATH_SEARCH_PATHS = "$(inherited) @executable_path/Frameworks @loader_path/Frameworks";
				PRODUCT_BUNDLE_IDENTIFIER = cn.com.recordTeam.QYMushroomUITests;
				PRODUCT_NAME = "$(TARGET_NAME)";
				TEST_TARGET_NAME = QYMushroom;
				USES_XCTRUNNER = YES;
			};
			name = Debug;
		};
		8CB941941BDA23F000573944 /* Release */ = {
			isa = XCBuildConfiguration;
			buildSettings = {
				INFOPLIST_FILE = QYMushroomUITests/Info.plist;
				LD_RUNPATH_SEARCH_PATHS = "$(inherited) @executable_path/Frameworks @loader_path/Frameworks";
				PRODUCT_BUNDLE_IDENTIFIER = cn.com.recordTeam.QYMushroomUITests;
				PRODUCT_NAME = "$(TARGET_NAME)";
				TEST_TARGET_NAME = QYMushroom;
				USES_XCTRUNNER = YES;
			};
			name = Release;
		};
/* End XCBuildConfiguration section */

/* Begin XCConfigurationList section */
		8CB9415A1BDA23F000573944 /* Build configuration list for PBXProject "QYMushroom" */ = {
			isa = XCConfigurationList;
			buildConfigurations = (
				8CB9418A1BDA23F000573944 /* Debug */,
				8CB9418B1BDA23F000573944 /* Release */,
			);
			defaultConfigurationIsVisible = 0;
			defaultConfigurationName = Release;
		};
		8CB9418C1BDA23F000573944 /* Build configuration list for PBXNativeTarget "QYMushroom" */ = {
			isa = XCConfigurationList;
			buildConfigurations = (
				8CB9418D1BDA23F000573944 /* Debug */,
				8CB9418E1BDA23F000573944 /* Release */,
			);
			defaultConfigurationIsVisible = 0;
			defaultConfigurationName = Release;
		};
		8CB9418F1BDA23F000573944 /* Build configuration list for PBXNativeTarget "QYMushroomTests" */ = {
			isa = XCConfigurationList;
			buildConfigurations = (
				8CB941901BDA23F000573944 /* Debug */,
				8CB941911BDA23F000573944 /* Release */,
			);
			defaultConfigurationIsVisible = 0;
			defaultConfigurationName = Release;
		};
		8CB941921BDA23F000573944 /* Build configuration list for PBXNativeTarget "QYMushroomUITests" */ = {
			isa = XCConfigurationList;
			buildConfigurations = (
				8CB941931BDA23F000573944 /* Debug */,
				8CB941941BDA23F000573944 /* Release */,
			);
			defaultConfigurationIsVisible = 0;
			defaultConfigurationName = Release;
		};
/* End XCConfigurationList section */
	};
	rootObject = 8CB941571BDA23F000573944 /* Project object */;
}
